
Microsoft Visual Studio Solution File, Format Version 12.00
# Visual Studio Version 16
VisualStudioVersion = 16.0.30611.23
MinimumVisualStudioVersion = 10.0.40219.1
Project("{FAE04EC0-301F-11D3-BF4B-00C04F79EFBC}") = "EmployeePayrollADO.Net", "EmployeePayrollADO.Net\EmployeePayrollADO.Net.csproj", "{4F82F2B1-422A-44A8-BA66-F0E8DCC15258}"
EndProject
Global
	GlobalSection(SolutionConfigurationPlatforms) = preSolution
		Debug|Any CPU = Debug|Any CPU
		Release|Any CPU = Release|Any CPU
	EndGlobalSection
	GlobalSection(ProjectConfigurationPlatforms) = postSolution
		{4F82F2B1-422A-44A8-BA66-F0E8DCC15258}.Debug|Any CPU.ActiveCfg = Debug|Any CPU
		{4F82F2B1-422A-44A8-BA66-F0E8DCC15258}.Debug|Any CPU.Build.0 = Debug|Any CPU
		{4F82F2B1-422A-44A8-BA66-F0E8DCC15258}.Release|Any CPU.ActiveCfg = Release|Any CPU
		{4F82F2B1-422A-44A8-BA66-F0E8DCC15258}.Release|Any CPU.Build.0 = Release|Any CPU
	EndGlobalSection
	GlobalSection(SolutionProperties) = preSolution
		HideSolutionNode = FALSE
	EndGlobalSection
	GlobalSection(ExtensibilityGlobals) = postSolution
		SolutionGuid = {23CBB9BE-CE03-44AA-AF89-A0A45F3AD6F0}
	EndGlobalSection
EndGlobal
